
Microsoft Visual Studio Solution File, Format Version 12.00
# Visual Studio Version 16
VisualStudioVersion = 16.0.31019.35
MinimumVisualStudioVersion = 10.0.40219.1
Project("{2150E333-8FDC-42A3-9474-1A3956D46DE8}") = "Api", "Api", "{3F63905D-08F1-466D-8792-93274CEBAA96}"
EndProject
Project("{9A19103F-16F7-4668-BE54-9A1E7A4F7556}") = "Dapper.Api", "Dapper.Api\Dapper.Api.csproj", "{F2E7E838-2745-4A28-B5B6-5D959371988F}"
EndProject
Global
	GlobalSection(SolutionConfigurationPlatforms) = preSolution
		Debug|Any CPU = Debug|Any CPU
		Release|Any CPU = Release|Any CPU
	EndGlobalSection
	GlobalSection(ProjectConfigurationPlatforms) = postSolution
		{F2E7E838-2745-4A28-B5B6-5D959371988F}.Debug|Any CPU.ActiveCfg = Debug|Any CPU
		{F2E7E838-2745-4A28-B5B6-5D959371988F}.Debug|Any CPU.Build.0 = Debug|Any CPU
		{F2E7E838-2745-4A28-B5B6-5D959371988F}.Release|Any CPU.ActiveCfg = Release|Any CPU
		{F2E7E838-2745-4A28-B5B6-5D959371988F}.Release|Any CPU.Build.0 = Release|Any CPU
	EndGlobalSection
	GlobalSection(SolutionProperties) = preSolution
		HideSolutionNode = FALSE
	EndGlobalSection
	GlobalSection(NestedProjects) = preSolution
		{F2E7E838-2745-4A28-B5B6-5D959371988F} = {3F63905D-08F1-466D-8792-93274CEBAA96}
	EndGlobalSection
	GlobalSection(ExtensibilityGlobals) = postSolution
		SolutionGuid = {33B048B3-AB45-478D-8EB6-B7EAF36AFE81}
	EndGlobalSection
EndGlobal
